
Microsoft Visual Studio Solution File, Format Version 12.00
# Visual Studio 14
VisualStudioVersion = 14.0.25420.1
MinimumVisualStudioVersion = 10.0.40219.1
Project("{FAE04EC0-301F-11D3-BF4B-00C04F79EFBC}") = "TEST1", "TEST1\TEST1.csproj", "{14C96220-1EF6-4915-8A03-A3387FA50CE7}"
EndProject
Project("{FAE04EC0-301F-11D3-BF4B-00C04F79EFBC}") = "Calibration", "Calibration\Calibration.csproj", "{DCF8621E-2F62-4385-9187-CFDD1B85E444}"
EndProject
Global
	GlobalSection(SolutionConfigurationPlatforms) = preSolution
		Debug|Any CPU = Debug|Any CPU
		Debug|x64 = Debug|x64
		Release|Any CPU = Release|Any CPU
		Release|x64 = Release|x64
	EndGlobalSection
	GlobalSection(ProjectConfigurationPlatforms) = postSolution
		{14C96220-1EF6-4915-8A03-A3387FA50CE7}.Debug|Any CPU.ActiveCfg = Debug|x64
		{14C96220-1EF6-4915-8A03-A3387FA50CE7}.Debug|Any CPU.Build.0 = Debug|x64
		{14C96220-1EF6-4915-8A03-A3387FA50CE7}.Debug|x64.ActiveCfg = Debug|x64
		{14C96220-1EF6-4915-8A03-A3387FA50CE7}.Debug|x64.Build.0 = Debug|x64
		{14C96220-1EF6-4915-8A03-A3387FA50CE7}.Release|Any CPU.ActiveCfg = Release|Any CPU
		{14C96220-1EF6-4915-8A03-A3387FA50CE7}.Release|Any CPU.Build.0 = Release|Any CPU
		{14C96220-1EF6-4915-8A03-A3387FA50CE7}.Release|x64.ActiveCfg = Release|x64
		{14C96220-1EF6-4915-8A03-A3387FA50CE7}.Release|x64.Build.0 = Release|x64
		{DCF8621E-2F62-4385-9187-CFDD1B85E444}.Debug|Any CPU.ActiveCfg = Debug|x64
		{DCF8621E-2F62-4385-9187-CFDD1B85E444}.Debug|Any CPU.Build.0 = Debug|x64
		{DCF8621E-2F62-4385-9187-CFDD1B85E444}.Debug|x64.ActiveCfg = Debug|x64
		{DCF8621E-2F62-4385-9187-CFDD1B85E444}.Debug|x64.Build.0 = Debug|x64
		{DCF8621E-2F62-4385-9187-CFDD1B85E444}.Release|Any CPU.ActiveCfg = Release|Any CPU
		{DCF8621E-2F62-4385-9187-CFDD1B85E444}.Release|Any CPU.Build.0 = Release|Any CPU
		{DCF8621E-2F62-4385-9187-CFDD1B85E444}.Release|x64.ActiveCfg = Release|Any CPU
		{DCF8621E-2F62-4385-9187-CFDD1B85E444}.Release|x64.Build.0 = Release|Any CPU
	EndGlobalSection
	GlobalSection(SolutionProperties) = preSolution
		HideSolutionNode = FALSE
	EndGlobalSection
EndGlobal
